
Microsoft Visual Studio Solution File, Format Version 12.00
# Visual Studio 2012
# Ranorex Studio 9.1.0
VisualStudioVersion = 12.0.20827.3
MinimumVisualStudioVersion = 10.0.40219.1
Project("{2150E333-8FDC-42A3-9474-1A3956D46DE8}") = "Solution Items", "Solution Items", "{24EEEBFF-4C33-4378-A7D1-BCB7E8AC6231}"
	ProjectSection(SolutionItems) = postProject
		Ranorex = .\Ranorex.rxsettings
	EndProjectSection
EndProject
Project("{FAE04EC0-301F-11D3-BF4B-00C04F79EFBC}") = "GlobalServicesPlatformTesting", "GlobalServicesPlatformTesting\GlobalServicesPlatformTesting.csproj", "{E83DE805-D4F1-4470-8D2A-C83EB90F5F6C}"
EndProject
Project("{FAE04EC0-301F-11D3-BF4B-00C04F79EFBC}") = "Ranorex Automation Helpers", "RanorexAutomationHelpers\Ranorex Automation Helpers.csproj", "{109B0568-EEC8-433B-9F63-F3EC15F830ED}"
EndProject
Global
	GlobalSection(SolutionConfigurationPlatforms) = preSolution
		Debug|x86 = Debug|x86
		Release|x86 = Release|x86
	EndGlobalSection
	GlobalSection(ProjectConfigurationPlatforms) = postSolution
		{E83DE805-D4F1-4470-8D2A-C83EB90F5F6C}.Debug|x86.Build.0 = Debug|x86
		{E83DE805-D4F1-4470-8D2A-C83EB90F5F6C}.Debug|x86.ActiveCfg = Debug|x86
		{E83DE805-D4F1-4470-8D2A-C83EB90F5F6C}.Release|x86.Build.0 = Release|x86
		{E83DE805-D4F1-4470-8D2A-C83EB90F5F6C}.Release|x86.ActiveCfg = Release|x86
		{109B0568-EEC8-433B-9F63-F3EC15F830ED}.Debug|x86.Build.0 = Debug|x86
		{109B0568-EEC8-433B-9F63-F3EC15F830ED}.Debug|x86.ActiveCfg = Debug|x86
		{109B0568-EEC8-433B-9F63-F3EC15F830ED}.Release|x86.Build.0 = Release|x86
		{109B0568-EEC8-433B-9F63-F3EC15F830ED}.Release|x86.ActiveCfg = Release|x86
	EndGlobalSection
EndGlobal
