
Microsoft Visual Studio Solution File, Format Version 11.00
# Visual Studio 2010
# Ranorex Studio 7.0
Project("{2150E333-8FDC-42A3-9474-1A3956D46DE8}") = "Solution Items", "Solution Items", "{2B6FB4BA-C17A-4764-85AA-7000D8916ACA}"
	ProjectSection(SolutionItems) = postProject
		Ranorex = .\Ranorex.rxsettings
	EndProjectSection
EndProject
Project("{FAE04EC0-301F-11D3-BF4B-00C04F79EFBC}") = "PLM_SW_Addin", "PLM_SW_Addin\PLM_SW_Addin.csproj", "{98D5EF83-9440-4BC3-8860-AB8A7E3DCBF0}"
EndProject
Global
	GlobalSection(SolutionConfigurationPlatforms) = preSolution
		Debug|x86 = Debug|x86
		Release|x86 = Release|x86
	EndGlobalSection
	GlobalSection(ProjectConfigurationPlatforms) = postSolution
		{98D5EF83-9440-4BC3-8860-AB8A7E3DCBF0}.Debug|x86.Build.0 = Debug|x86
		{98D5EF83-9440-4BC3-8860-AB8A7E3DCBF0}.Debug|x86.ActiveCfg = Debug|x86
		{98D5EF83-9440-4BC3-8860-AB8A7E3DCBF0}.Release|x86.Build.0 = Release|x86
		{98D5EF83-9440-4BC3-8860-AB8A7E3DCBF0}.Release|x86.ActiveCfg = Release|x86
	EndGlobalSection
EndGlobal
